{
  "originHash" : "26497846bc0349bcc702c4f5ec669e06682ccebf80f2ce7748f86698ea85d7f4",
  "pins" : [
    {
      "identity" : "accessibility-statement-lib-ios",
      "kind" : "remoteSourceControl",
      "location" : "https://github.com/Orange-OpenSource/accessibility-statement-lib-ios.git",
      "state" : {
        "revision" : "480bf4629b951e459308379030f1ca0ce28a0987",
        "version" : "1.3.0"
      }
    },
    {
      "identity" : "swift-custom-dump",
      "kind" : "remoteSourceControl",
      "location" : "https://github.com/pointfreeco/swift-custom-dump",
      "state" : {
        "revision" : "82645ec760917961cfa08c9c0c7104a57a0fa4b1",
        "version" : "1.3.3"
      }
    },
    {
      "identity" : "swift-docc-plugin",
      "kind" : "remoteSourceControl",
      "location" : "https://github.com/swiftlang/swift-docc-plugin",
      "state" : {
        "revision" : "85e4bb4e1cd62cec64a4b8e769dcefdf0c5b9d64",
        "version" : "1.4.3"
      }
    },
    {
      "identity" : "swift-docc-symbolkit",
      "kind" : "remoteSourceControl",
      "location" : "https://github.com/swiftlang/swift-docc-symbolkit",
      "state" : {
        "revision" : "b45d1f2ed151d057b54504d653e0da5552844e34",
        "version" : "1.0.0"
      }
    },
    {
      "identity" : "swift-snapshot-testing",
      "kind" : "remoteSourceControl",
      "location" : "https://github.com/pointfreeco/swift-snapshot-testing.git",
      "state" : {
        "revision" : "b2d4cb30735f4fbc3a01963a9c658336dd21e9ba",
        "version" : "1.18.1"
      }
    },
    {
      "identity" : "swift-syntax",
      "kind" : "remoteSourceControl",
      "location" : "https://github.com/swiftlang/swift-syntax",
      "state" : {
        "revision" : "0687f71944021d616d34d922343dcef086855920",
        "version" : "600.0.1"
      }
    },
    {
      "identity" : "swiftformat",
      "kind" : "remoteSourceControl",
      "location" : "https://github.com/nicklockwood/SwiftFormat",
      "state" : {
        "revision" : "d35227722eb590b34a3ccaf8b40759e8910bc870",
        "version" : "0.56.1"
      }
    },
    {
      "identity" : "swiftlintplugins",
      "kind" : "remoteSourceControl",
      "location" : "https://github.com/SimplyDanny/SwiftLintPlugins",
      "state" : {
        "revision" : "8545ddf4de043e6f2051c5cf204f39ef778ebf6b",
        "version" : "0.59.1"
      }
    },
    {
      "identity" : "xctest-dynamic-overlay",
      "kind" : "remoteSourceControl",
      "location" : "https://github.com/pointfreeco/xctest-dynamic-overlay",
      "state" : {
        "revision" : "39de59b2d47f7ef3ca88a039dff3084688fe27f4",
        "version" : "1.5.2"
      }
    }
  ],
  "version" : 3
}
