PODS:
  - SwiftFormat/CLI (0.56.2)
  - SwiftLint (0.59.1)

DEPENDENCIES:
  - SwiftFormat/CLI (= 0.56.2)
  - SwiftLint (= 0.59.1)

SPEC REPOS:
  trunk:
    - SwiftFormat
    - SwiftLint

SPEC CHECKSUMS:
  SwiftFormat: 405da0758f0b625a65844847bcf439078284a5c5
  SwiftLint: 3d48e2fb2a3468fdaccf049e5e755df22fb40c2c

PODFILE CHECKSUM: 56080b7f4f282f4d6cf45b5ec317a84eb8bdda78

COCOAPODS: 1.16.2
