PODS:
  - SwiftFormat/CLI (0.57.2)
  - SwiftLint (0.60.0)

DEPENDENCIES:
  - SwiftFormat/CLI (= 0.57.2)
  - SwiftLint (= 0.60.0)

SPEC REPOS:
  trunk:
    - SwiftFormat
    - SwiftLint

SPEC CHECKSUMS:
  SwiftFormat: 7a87845c4d54d5c1600e46b4d2d02408aab3a129
  SwiftLint: 5f096c0752cfe436d39cef2b7483c90d649ddc91

PODFILE CHECKSUM: 96d7c4dafad390afcd45889bb0a3a87437f0575b

COCOAPODS: 1.16.2
