PODS:
  - SwiftFormat/CLI (0.57.2)
  - SwiftLint (0.62.1)

DEPENDENCIES:
  - SwiftFormat/CLI (= 0.57.2)
  - SwiftLint (= 0.62.1)

SPEC REPOS:
  trunk:
    - SwiftFormat
    - SwiftLint

SPEC CHECKSUMS:
  SwiftFormat: 7a87845c4d54d5c1600e46b4d2d02408aab3a129
  SwiftLint: 6a9eb020853558a7eaf00f655636b5d6ad15bd02

PODFILE CHECKSUM: c44d33737f1d8d0faeb49e06e462d5913d52bb33

COCOAPODS: 1.16.2
