{
  "originHash" : "6ea3d37f1306824a57aceca4318954b015df152cccfd354b173dfe326870c15b",
  "pins" : [
    {
      "identity" : "accessibility-statement-lib-ios",
      "kind" : "remoteSourceControl",
      "location" : "https://github.com/Orange-OpenSource/accessibility-statement-lib-ios.git",
      "state" : {
        "revision" : "9f890a8d4b44e80227a7fff0f2f8809ec51b97a3",
        "version" : "2.3.0"
      }
    },
    {
      "identity" : "ouds-ios",
      "kind" : "remoteSourceControl",
      "location" : "https://github.com/Orange-OpenSource/ouds-ios",
      "state" : {
        "branch" : "develop",
        "revision" : "b039946136068071b618aad4488ac164a34e2fdc"
      }
    },
    {
      "identity" : "swift-custom-dump",
      "kind" : "remoteSourceControl",
      "location" : "https://github.com/pointfreeco/swift-custom-dump",
      "state" : {
        "revision" : "a8cd6c976f335ed361dcecddb0dc39ebda51bc3e",
        "version" : "1.6.1"
      }
    },
    {
      "identity" : "swift-snapshot-testing",
      "kind" : "remoteSourceControl",
      "location" : "https://github.com/pointfreeco/swift-snapshot-testing.git",
      "state" : {
        "revision" : "a8b7c5e0ed33d8ab8887d1654d9b59f2cbad529b",
        "version" : "1.18.7"
      }
    },
    {
      "identity" : "swift-syntax",
      "kind" : "remoteSourceControl",
      "location" : "https://github.com/swiftlang/swift-syntax",
      "state" : {
        "revision" : "4799286537280063c85a32f09884cfbca301b1a1",
        "version" : "602.0.0"
      }
    },
    {
      "identity" : "xctest-dynamic-overlay",
      "kind" : "remoteSourceControl",
      "location" : "https://github.com/pointfreeco/xctest-dynamic-overlay",
      "state" : {
        "revision" : "8f6abcf4c8950e2679d5b2fee4ca284fd7c34886",
        "version" : "1.11.0"
      }
    }
  ],
  "version" : 3
}
